
Microsoft Visual Studio Solution File, Format Version 12.00
# Visual Studio Express 2013 for Web
VisualStudioVersion = 12.0.31101.0
MinimumVisualStudioVersion = 10.0.40219.1
Project("{FAE04EC0-301F-11D3-BF4B-00C04F79EFBC}") = "Db", "Db\Db\Db.csproj", "{547EA631-DE89-4D53-A42C-9A37B50720BF}"
EndProject
Project("{FAE04EC0-301F-11D3-BF4B-00C04F79EFBC}") = "DbTest", "Db\DbTest\DbTest.csproj", "{D85A8A38-C829-424F-90A2-840603D97066}"
EndProject
Project("{FAE04EC0-301F-11D3-BF4B-00C04F79EFBC}") = "DebugTool", "DebugTool\DebugTool\DebugTool.csproj", "{85853BAC-251E-4002-85F5-B8E4DFB57A0D}"
EndProject
Project("{FAE04EC0-301F-11D3-BF4B-00C04F79EFBC}") = "DebugToolTest", "DebugTool\DebugToolTest\DebugToolTest.csproj", "{0A1D48A7-002A-4F06-A8BE-466B4A9F1EE8}"
EndProject
Global
	GlobalSection(SolutionConfigurationPlatforms) = preSolution
		Debug|Any CPU = Debug|Any CPU
		Release|Any CPU = Release|Any CPU
	EndGlobalSection
	GlobalSection(ProjectConfigurationPlatforms) = postSolution
		{547EA631-DE89-4D53-A42C-9A37B50720BF}.Debug|Any CPU.ActiveCfg = Debug|Any CPU
		{547EA631-DE89-4D53-A42C-9A37B50720BF}.Debug|Any CPU.Build.0 = Debug|Any CPU
		{547EA631-DE89-4D53-A42C-9A37B50720BF}.Release|Any CPU.ActiveCfg = Release|Any CPU
		{547EA631-DE89-4D53-A42C-9A37B50720BF}.Release|Any CPU.Build.0 = Release|Any CPU
		{D85A8A38-C829-424F-90A2-840603D97066}.Debug|Any CPU.ActiveCfg = Debug|Any CPU
		{D85A8A38-C829-424F-90A2-840603D97066}.Debug|Any CPU.Build.0 = Debug|Any CPU
		{D85A8A38-C829-424F-90A2-840603D97066}.Release|Any CPU.ActiveCfg = Release|Any CPU
		{D85A8A38-C829-424F-90A2-840603D97066}.Release|Any CPU.Build.0 = Release|Any CPU
		{85853BAC-251E-4002-85F5-B8E4DFB57A0D}.Debug|Any CPU.ActiveCfg = Debug|Any CPU
		{85853BAC-251E-4002-85F5-B8E4DFB57A0D}.Debug|Any CPU.Build.0 = Debug|Any CPU
		{85853BAC-251E-4002-85F5-B8E4DFB57A0D}.Release|Any CPU.ActiveCfg = Release|Any CPU
		{85853BAC-251E-4002-85F5-B8E4DFB57A0D}.Release|Any CPU.Build.0 = Release|Any CPU
		{0A1D48A7-002A-4F06-A8BE-466B4A9F1EE8}.Debug|Any CPU.ActiveCfg = Debug|Any CPU
		{0A1D48A7-002A-4F06-A8BE-466B4A9F1EE8}.Debug|Any CPU.Build.0 = Debug|Any CPU
		{0A1D48A7-002A-4F06-A8BE-466B4A9F1EE8}.Release|Any CPU.ActiveCfg = Release|Any CPU
		{0A1D48A7-002A-4F06-A8BE-466B4A9F1EE8}.Release|Any CPU.Build.0 = Release|Any CPU
	EndGlobalSection
	GlobalSection(SolutionProperties) = preSolution
		HideSolutionNode = FALSE
	EndGlobalSection
EndGlobal
